
Microsoft Visual Studio Solution File, Format Version 12.00
# Visual Studio Version 17
VisualStudioVersion = 17.14.36811.4 d17.14
MinimumVisualStudioVersion = 10.0.40219.1
Project("{FAE04EC0-301F-11D3-BF4B-00C04F79EFBC}") = "TestCase", "TestCase\TestCase.csproj", "{1B653ED3-5A0E-4AF1-9C19-ADDF5A50DF27}"
EndProject
Global
	GlobalSection(SolutionConfigurationPlatforms) = preSolution
		Debug|Any CPU = Debug|Any CPU
		Release|Any CPU = Release|Any CPU
	EndGlobalSection
	GlobalSection(ProjectConfigurationPlatforms) = postSolution
		{1B653ED3-5A0E-4AF1-9C19-ADDF5A50DF27}.Debug|Any CPU.ActiveCfg = Debug|Any CPU
		{1B653ED3-5A0E-4AF1-9C19-ADDF5A50DF27}.Debug|Any CPU.Build.0 = Debug|Any CPU
		{1B653ED3-5A0E-4AF1-9C19-ADDF5A50DF27}.Release|Any CPU.ActiveCfg = Release|Any CPU
		{1B653ED3-5A0E-4AF1-9C19-ADDF5A50DF27}.Release|Any CPU.Build.0 = Release|Any CPU
	EndGlobalSection
	GlobalSection(SolutionProperties) = preSolution
		HideSolutionNode = FALSE
	EndGlobalSection
	GlobalSection(ExtensibilityGlobals) = postSolution
		SolutionGuid = {C2428911-2730-4004-B72D-448A95035200}
	EndGlobalSection
EndGlobal
